// !$*UTF8*$!
{
	archiveVersion = 1;
	classes = {
	};
	objectVersion = 77;
	objects = {

/* Begin PBXBuildFile section */
		720379EE2DA002B500BA8C1D /* Auth0 in Frameworks */ = {isa = PBXBuildFile; productRef = 720379ED2DA002B500BA8C1D /* Auth0 */; };
		7263F16C2E37EE3A00A31423 /* StoreKit.framework in Frameworks */ = {isa = PBXBuildFile; fileRef = 7263F16B2E37EE3A00A31423 /* StoreKit.framework */; };
		729FA97B2E015E5F00AA44B4 /* RevenueCat in Frameworks */ = {isa = PBXBuildFile; productRef = 729FA97A2E015E5F00AA44B4 /* RevenueCat */; };
		72FC8E7E2D3D5D6500BCB9CA /* Security.framework in Frameworks */ = {isa = PBXBuildFile; fileRef = 72FC8E7D2D3D5D6500BCB9CA /* Security.framework */; };
/* End PBXBuildFile section */

/* Begin PBXContainerItemProxy section */
		729CD4702D2C614F00D55B7C /* PBXContainerItemProxy */ = {
			isa = PBXContainerItemProxy;
			containerPortal = 729CD4562D2C614D00D55B7C /* Project object */;
			proxyType = 1;
			remoteGlobalIDString = 729CD45D2D2C614D00D55B7C;
			remoteInfo = PromptShields.MacOS.Widget;
		};
		729CD47A2D2C614F00D55B7C /* PBXContainerItemProxy */ = {
			isa = PBXContainerItemProxy;
			containerPortal = 729CD4562D2C614D00D55B7C /* Project object */;
			proxyType = 1;
			remoteGlobalIDString = 729CD45D2D2C614D00D55B7C;
			remoteInfo = PromptShields.MacOS.Widget;
		};
/* End PBXContainerItemProxy section */

/* Begin PBXFileReference section */
		7263F16B2E37EE3A00A31423 /* StoreKit.framework */ = {isa = PBXFileReference; lastKnownFileType = wrapper.framework; name = StoreKit.framework; path = System/Library/Frameworks/StoreKit.framework; sourceTree = SDKROOT; };
		728DE8582DD1607A005CBE4B /* PromptShields.MacOS.Widget.app */ = {isa = PBXFileReference; explicitFileType = wrapper.application; includeInIndex = 0; path = PromptShields.MacOS.Widget.app; sourceTree = BUILT_PRODUCTS_DIR; };
		729CD46F2D2C614F00D55B7C /* PromptShields.MacOS.WidgetTests.xctest */ = {isa = PBXFileReference; explicitFileType = wrapper.cfbundle; includeInIndex = 0; path = PromptShields.MacOS.WidgetTests.xctest; sourceTree = BUILT_PRODUCTS_DIR; };
		729CD4792D2C614F00D55B7C /* PromptShields.MacOS.WidgetUITests.xctest */ = {isa = PBXFileReference; explicitFileType = wrapper.cfbundle; includeInIndex = 0; path = PromptShields.MacOS.WidgetUITests.xctest; sourceTree = BUILT_PRODUCTS_DIR; };
		72FC8E7D2D3D5D6500BCB9CA /* Security.framework */ = {isa = PBXFileReference; lastKnownFileType = wrapper.framework; name = Security.framework; path = Platforms/iPhoneOS.platform/Developer/SDKs/iPhoneOS18.2.sdk/System/Library/Frameworks/Security.framework; sourceTree = DEVELOPER_DIR; };
/* End PBXFileReference section */

/* Begin PBXFileSystemSynchronizedRootGroup section */
		729CD4602D2C614D00D55B7C /* PromptShields.MacOS.Widget */ = {
			isa = PBXFileSystemSynchronizedRootGroup;
			path = PromptShields.MacOS.Widget;
			sourceTree = "<group>";
		};
		729CD4722D2C614F00D55B7C /* PromptShields.MacOS.WidgetTests */ = {
			isa = PBXFileSystemSynchronizedRootGroup;
			path = PromptShields.MacOS.WidgetTests;
			sourceTree = "<group>";
		};
		729CD47C2D2C614F00D55B7C /* PromptShields.MacOS.WidgetUITests */ = {
			isa = PBXFileSystemSynchronizedRootGroup;
			path = PromptShields.MacOS.WidgetUITests;
			sourceTree = "<group>";
		};
/* End PBXFileSystemSynchronizedRootGroup section */

/* Begin PBXFrameworksBuildPhase section */
		729CD45B2D2C614D00D55B7C /* Frameworks */ = {
			isa = PBXFrameworksBuildPhase;
			buildActionMask = 2147483647;
			files = (
				72FC8E7E2D3D5D6500BCB9CA /* Security.framework in Frameworks */,
				720379EE2DA002B500BA8C1D /* Auth0 in Frameworks */,
				729FA97B2E015E5F00AA44B4 /* RevenueCat in Frameworks */,
				7263F16C2E37EE3A00A31423 /* StoreKit.framework in Frameworks */,
			);
			runOnlyForDeploymentPostprocessing = 0;
		};
		729CD46C2D2C614F00D55B7C /* Frameworks */ = {
			isa = PBXFrameworksBuildPhase;
			buildActionMask = 2147483647;
			files = (
			);
			runOnlyForDeploymentPostprocessing = 0;
		};
		729CD4762D2C614F00D55B7C /* Frameworks */ = {
			isa = PBXFrameworksBuildPhase;
			buildActionMask = 2147483647;
			files = (
			);
			runOnlyForDeploymentPostprocessing = 0;
		};
/* End PBXFrameworksBuildPhase section */

/* Begin PBXGroup section */
		729CD4552D2C614D00D55B7C = {
			isa = PBXGroup;
			children = (
				729CD4722D2C614F00D55B7C /* PromptShields.MacOS.WidgetTests */,
				729CD47C2D2C614F00D55B7C /* PromptShields.MacOS.WidgetUITests */,
				729CD45F2D2C614D00D55B7C /* Products */,
				729CD4602D2C614D00D55B7C /* PromptShields.MacOS.Widget */,
				729CD4DD2D2C787000D55B7C /* Frameworks */,
			);
			sourceTree = "<group>";
		};
		729CD45F2D2C614D00D55B7C /* Products */ = {
			isa = PBXGroup;
			children = (
				729CD46F2D2C614F00D55B7C /* PromptShields.MacOS.WidgetTests.xctest */,
				729CD4792D2C614F00D55B7C /* PromptShields.MacOS.WidgetUITests.xctest */,
				728DE8582DD1607A005CBE4B /* PromptShields.MacOS.Widget.app */,
			);
			name = Products;
			sourceTree = "<group>";
		};
		729CD4DD2D2C787000D55B7C /* Frameworks */ = {
			isa = PBXGroup;
			children = (
				7263F16B2E37EE3A00A31423 /* StoreKit.framework */,
				72FC8E7D2D3D5D6500BCB9CA /* Security.framework */,
			);
			name = Frameworks;
			sourceTree = "<group>";
		};
/* End PBXGroup section */

/* Begin PBXNativeTarget section */
		729CD45D2D2C614D00D55B7C /* PromptShields.MacOS.Widget */ = {
			isa = PBXNativeTarget;
			buildConfigurationList = 729CD4832D2C614F00D55B7C /* Build configuration list for PBXNativeTarget "PromptShields.MacOS.Widget" */;
			buildPhases = (
				729CD45A2D2C614D00D55B7C /* Sources */,
				729CD45B2D2C614D00D55B7C /* Frameworks */,
				729CD45C2D2C614D00D55B7C /* Resources */,
				727553692D579BE70011C8CB /* Swiftlint */,
			);
			buildRules = (
			);
			dependencies = (
			);
			fileSystemSynchronizedGroups = (
				729CD4602D2C614D00D55B7C /* PromptShields.MacOS.Widget */,
			);
			name = PromptShields.MacOS.Widget;
			packageProductDependencies = (
				720379ED2DA002B500BA8C1D /* Auth0 */,
				729FA97A2E015E5F00AA44B4 /* RevenueCat */,
			);
			productName = PromptShields.MacOS.Widget;
			productReference = 728DE8582DD1607A005CBE4B /* PromptShields.MacOS.Widget.app */;
			productType = "com.apple.product-type.application";
		};
		729CD46E2D2C614F00D55B7C /* PromptShields.MacOS.WidgetTests */ = {
			isa = PBXNativeTarget;
			buildConfigurationList = 729CD4862D2C614F00D55B7C /* Build configuration list for PBXNativeTarget "PromptShields.MacOS.WidgetTests" */;
			buildPhases = (
				729CD46B2D2C614F00D55B7C /* Sources */,
				729CD46C2D2C614F00D55B7C /* Frameworks */,
				729CD46D2D2C614F00D55B7C /* Resources */,
			);
			buildRules = (
			);
			dependencies = (
				729CD4712D2C614F00D55B7C /* PBXTargetDependency */,
			);
			fileSystemSynchronizedGroups = (
				729CD4722D2C614F00D55B7C /* PromptShields.MacOS.WidgetTests */,
			);
			name = PromptShields.MacOS.WidgetTests;
			packageProductDependencies = (
			);
			productName = PromptShields.MacOS.WidgetTests;
			productReference = 729CD46F2D2C614F00D55B7C /* PromptShields.MacOS.WidgetTests.xctest */;
			productType = "com.apple.product-type.bundle.unit-test";
		};
		729CD4782D2C614F00D55B7C /* PromptShields.MacOS.WidgetUITests */ = {
			isa = PBXNativeTarget;
			buildConfigurationList = 729CD4892D2C614F00D55B7C /* Build configuration list for PBXNativeTarget "PromptShields.MacOS.WidgetUITests" */;
			buildPhases = (
				729CD4752D2C614F00D55B7C /* Sources */,
				729CD4762D2C614F00D55B7C /* Frameworks */,
				729CD4772D2C614F00D55B7C /* Resources */,
			);
			buildRules = (
			);
			dependencies = (
				729CD47B2D2C614F00D55B7C /* PBXTargetDependency */,
			);
			fileSystemSynchronizedGroups = (
				729CD47C2D2C614F00D55B7C /* PromptShields.MacOS.WidgetUITests */,
			);
			name = PromptShields.MacOS.WidgetUITests;
			packageProductDependencies = (
			);
			productName = PromptShields.MacOS.WidgetUITests;
			productReference = 729CD4792D2C614F00D55B7C /* PromptShields.MacOS.WidgetUITests.xctest */;
			productType = "com.apple.product-type.bundle.ui-testing";
		};
/* End PBXNativeTarget section */

/* Begin PBXProject section */
		729CD4562D2C614D00D55B7C /* Project object */ = {
			isa = PBXProject;
			attributes = {
				BuildIndependentTargetsInParallel = 1;
				LastSwiftUpdateCheck = 1620;
				LastUpgradeCheck = 1620;
				TargetAttributes = {
					729CD45D2D2C614D00D55B7C = {
						CreatedOnToolsVersion = 16.2;
					};
					729CD46E2D2C614F00D55B7C = {
						CreatedOnToolsVersion = 16.2;
						TestTargetID = 729CD45D2D2C614D00D55B7C;
					};
					729CD4782D2C614F00D55B7C = {
						CreatedOnToolsVersion = 16.2;
						TestTargetID = 729CD45D2D2C614D00D55B7C;
					};
				};
			};
			buildConfigurationList = 729CD4592D2C614D00D55B7C /* Build configuration list for PBXProject "PromptShields.MacOS.Widget" */;
			developmentRegion = en;
			hasScannedForEncodings = 0;
			knownRegions = (
				en,
				Base,
			);
			mainGroup = 729CD4552D2C614D00D55B7C;
			minimizedProjectReferenceProxies = 1;
			packageReferences = (
				720379EA2D9FF53400BA8C1D /* XCRemoteSwiftPackageReference "Auth0" */,
				723DCC402DD5C7FD0065B4D9 /* XCRemoteSwiftPackageReference "stripe-ios" */,
				72A62E502E00DC2E0051D097 /* XCRemoteSwiftPackageReference "firebase-ios-sdk" */,
				729FA9792E015E5F00AA44B4 /* XCRemoteSwiftPackageReference "purchases-ios" */,
			);
			preferredProjectObjectVersion = 77;
			productRefGroup = 729CD45F2D2C614D00D55B7C /* Products */;
			projectDirPath = "";
			projectRoot = "";
			targets = (
				729CD45D2D2C614D00D55B7C /* PromptShields.MacOS.Widget */,
				729CD46E2D2C614F00D55B7C /* PromptShields.MacOS.WidgetTests */,
				729CD4782D2C614F00D55B7C /* PromptShields.MacOS.WidgetUITests */,
			);
		};
/* End PBXProject section */

/* Begin PBXResourcesBuildPhase section */
		729CD45C2D2C614D00D55B7C /* Resources */ = {
			isa = PBXResourcesBuildPhase;
			buildActionMask = 2147483647;
			files = (
			);
			runOnlyForDeploymentPostprocessing = 0;
		};
		729CD46D2D2C614F00D55B7C /* Resources */ = {
			isa = PBXResourcesBuildPhase;
			buildActionMask = 2147483647;
			files = (
			);
			runOnlyForDeploymentPostprocessing = 0;
		};
		729CD4772D2C614F00D55B7C /* Resources */ = {
			isa = PBXResourcesBuildPhase;
			buildActionMask = 2147483647;
			files = (
			);
			runOnlyForDeploymentPostprocessing = 0;
		};
/* End PBXResourcesBuildPhase section */

/* Begin PBXShellScriptBuildPhase section */
		727553692D579BE70011C8CB /* Swiftlint */ = {
			isa = PBXShellScriptBuildPhase;
			alwaysOutOfDate = 1;
			buildActionMask = 2147483647;
			files = (
			);
			inputFileListPaths = (
			);
			inputPaths = (
			);
			name = Swiftlint;
			outputFileListPaths = (
			);
			outputPaths = (
			);
			runOnlyForDeploymentPostprocessing = 0;
			shellPath = /bin/sh;
			shellScript = "if test -d \"/opt/homebrew/bin/\"; then\n  PATH=\"/opt/homebrew/bin/:${PATH}\"\nfi\n\nexport PATH\n\nif which swiftlint >/dev/null; then\n  swiftlint --fix\nelse\n  echo \"warning: SwiftLint not installed, download from https://github.com/realm/SwiftLint\"\nfi\n";
		};
/* End PBXShellScriptBuildPhase section */

/* Begin PBXSourcesBuildPhase section */
		729CD45A2D2C614D00D55B7C /* Sources */ = {
			isa = PBXSourcesBuildPhase;
			buildActionMask = 2147483647;
			files = (
			);
			runOnlyForDeploymentPostprocessing = 0;
		};
		729CD46B2D2C614F00D55B7C /* Sources */ = {
			isa = PBXSourcesBuildPhase;
			buildActionMask = 2147483647;
			files = (
			);
			runOnlyForDeploymentPostprocessing = 0;
		};
		729CD4752D2C614F00D55B7C /* Sources */ = {
			isa = PBXSourcesBuildPhase;
			buildActionMask = 2147483647;
			files = (
			);
			runOnlyForDeploymentPostprocessing = 0;
		};
/* End PBXSourcesBuildPhase section */

/* Begin PBXTargetDependency section */
		729CD4712D2C614F00D55B7C /* PBXTargetDependency */ = {
			isa = PBXTargetDependency;
			target = 729CD45D2D2C614D00D55B7C /* PromptShields.MacOS.Widget */;
			targetProxy = 729CD4702D2C614F00D55B7C /* PBXContainerItemProxy */;
		};
		729CD47B2D2C614F00D55B7C /* PBXTargetDependency */ = {
			isa = PBXTargetDependency;
			target = 729CD45D2D2C614D00D55B7C /* PromptShields.MacOS.Widget */;
			targetProxy = 729CD47A2D2C614F00D55B7C /* PBXContainerItemProxy */;
		};
/* End PBXTargetDependency section */

/* Begin XCBuildConfiguration section */
		729CD4812D2C614F00D55B7C /* Debug */ = {
			isa = XCBuildConfiguration;
			buildSettings = {
				ALWAYS_SEARCH_USER_PATHS = NO;
				ASSETCATALOG_COMPILER_GENERATE_SWIFT_ASSET_SYMBOL_EXTENSIONS = YES;
				CLANG_ANALYZER_NONNULL = YES;
				CLANG_ANALYZER_NUMBER_OBJECT_CONVERSION = YES_AGGRESSIVE;
				CLANG_CXX_LANGUAGE_STANDARD = "gnu++20";
				CLANG_ENABLE_MODULES = YES;
				CLANG_ENABLE_OBJC_ARC = YES;
				CLANG_ENABLE_OBJC_WEAK = YES;
				CLANG_WARN_BLOCK_CAPTURE_AUTORELEASING = YES;
				CLANG_WARN_BOOL_CONVERSION = YES;
				CLANG_WARN_COMMA = YES;
				CLANG_WARN_CONSTANT_CONVERSION = YES;
				CLANG_WARN_DEPRECATED_OBJC_IMPLEMENTATIONS = YES;
				CLANG_WARN_DIRECT_OBJC_ISA_USAGE = YES_ERROR;
				CLANG_WARN_DOCUMENTATION_COMMENTS = YES;
				CLANG_WARN_EMPTY_BODY = YES;
				CLANG_WARN_ENUM_CONVERSION = YES;
				CLANG_WARN_INFINITE_RECURSION = YES;
				CLANG_WARN_INT_CONVERSION = YES;
				CLANG_WARN_NON_LITERAL_NULL_CONVERSION = YES;
				CLANG_WARN_OBJC_IMPLICIT_RETAIN_SELF = YES;
				CLANG_WARN_OBJC_LITERAL_CONVERSION = YES;
				CLANG_WARN_OBJC_ROOT_CLASS = YES_ERROR;
				CLANG_WARN_QUOTED_INCLUDE_IN_FRAMEWORK_HEADER = YES;
				CLANG_WARN_RANGE_LOOP_ANALYSIS = YES;
				CLANG_WARN_STRICT_PROTOTYPES = YES;
				CLANG_WARN_SUSPICIOUS_MOVE = YES;
				CLANG_WARN_UNGUARDED_AVAILABILITY = YES_AGGRESSIVE;
				CLANG_WARN_UNREACHABLE_CODE = YES;
				CLANG_WARN__DUPLICATE_METHOD_MATCH = YES;
				COPY_PHASE_STRIP = NO;
				DEBUG_INFORMATION_FORMAT = dwarf;
				ENABLE_STRICT_OBJC_MSGSEND = YES;
				ENABLE_TESTABILITY = YES;
				ENABLE_USER_SCRIPT_SANDBOXING = NO;
				GCC_C_LANGUAGE_STANDARD = gnu17;
				GCC_DYNAMIC_NO_PIC = NO;
				GCC_NO_COMMON_BLOCKS = YES;
				GCC_OPTIMIZATION_LEVEL = 0;
				GCC_PREPROCESSOR_DEFINITIONS = (
					"DEBUG=1",
					"$(inherited)",
				);
				GCC_WARN_64_TO_32_BIT_CONVERSION = YES;
				GCC_WARN_ABOUT_RETURN_TYPE = YES_ERROR;
				GCC_WARN_UNDECLARED_SELECTOR = YES;
				GCC_WARN_UNINITIALIZED_AUTOS = YES_AGGRESSIVE;
				GCC_WARN_UNUSED_FUNCTION = YES;
				GCC_WARN_UNUSED_VARIABLE = YES;
				INFOPLIST_KEY_UIUserInterfaceStyle = Light;
				LOCALIZATION_PREFERS_STRING_CATALOGS = YES;
				MTL_ENABLE_DEBUG_INFO = INCLUDE_SOURCE;
				MTL_FAST_MATH = YES;
				ONLY_ACTIVE_ARCH = YES;
				SWIFT_ACTIVE_COMPILATION_CONDITIONS = "DEBUG $(inherited)";
				SWIFT_OPTIMIZATION_LEVEL = "-Onone";
			};
			name = Debug;
		};
		729CD4822D2C614F00D55B7C /* Release */ = {
			isa = XCBuildConfiguration;
			buildSettings = {
				ALWAYS_SEARCH_USER_PATHS = NO;
				ASSETCATALOG_COMPILER_GENERATE_SWIFT_ASSET_SYMBOL_EXTENSIONS = YES;
				CLANG_ANALYZER_NONNULL = YES;
				CLANG_ANALYZER_NUMBER_OBJECT_CONVERSION = YES_AGGRESSIVE;
				CLANG_CXX_LANGUAGE_STANDARD = "gnu++20";
				CLANG_ENABLE_MODULES = YES;
				CLANG_ENABLE_OBJC_ARC = YES;
				CLANG_ENABLE_OBJC_WEAK = YES;
				CLANG_WARN_BLOCK_CAPTURE_AUTORELEASING = YES;
				CLANG_WARN_BOOL_CONVERSION = YES;
				CLANG_WARN_COMMA = YES;
				CLANG_WARN_CONSTANT_CONVERSION = YES;
				CLANG_WARN_DEPRECATED_OBJC_IMPLEMENTATIONS = YES;
				CLANG_WARN_DIRECT_OBJC_ISA_USAGE = YES_ERROR;
				CLANG_WARN_DOCUMENTATION_COMMENTS = YES;
				CLANG_WARN_EMPTY_BODY = YES;
				CLANG_WARN_ENUM_CONVERSION = YES;
				CLANG_WARN_INFINITE_RECURSION = YES;
				CLANG_WARN_INT_CONVERSION = YES;
				CLANG_WARN_NON_LITERAL_NULL_CONVERSION = YES;
				CLANG_WARN_OBJC_IMPLICIT_RETAIN_SELF = YES;
				CLANG_WARN_OBJC_LITERAL_CONVERSION = YES;
				CLANG_WARN_OBJC_ROOT_CLASS = YES_ERROR;
				CLANG_WARN_QUOTED_INCLUDE_IN_FRAMEWORK_HEADER = YES;
				CLANG_WARN_RANGE_LOOP_ANALYSIS = YES;
				CLANG_WARN_STRICT_PROTOTYPES = YES;
				CLANG_WARN_SUSPICIOUS_MOVE = YES;
				CLANG_WARN_UNGUARDED_AVAILABILITY = YES_AGGRESSIVE;
				CLANG_WARN_UNREACHABLE_CODE = YES;
				CLANG_WARN__DUPLICATE_METHOD_MATCH = YES;
				COPY_PHASE_STRIP = NO;
				DEBUG_INFORMATION_FORMAT = "dwarf-with-dsym";
				ENABLE_NS_ASSERTIONS = NO;
				ENABLE_STRICT_OBJC_MSGSEND = YES;
				ENABLE_USER_SCRIPT_SANDBOXING = NO;
				GCC_C_LANGUAGE_STANDARD = gnu17;
				GCC_NO_COMMON_BLOCKS = YES;
				GCC_WARN_64_TO_32_BIT_CONVERSION = YES;
				GCC_WARN_ABOUT_RETURN_TYPE = YES_ERROR;
				GCC_WARN_UNDECLARED_SELECTOR = YES;
				GCC_WARN_UNINITIALIZED_AUTOS = YES_AGGRESSIVE;
				GCC_WARN_UNUSED_FUNCTION = YES;
				GCC_WARN_UNUSED_VARIABLE = YES;
				INFOPLIST_KEY_UIUserInterfaceStyle = Light;
				LOCALIZATION_PREFERS_STRING_CATALOGS = YES;
				MTL_ENABLE_DEBUG_INFO = NO;
				MTL_FAST_MATH = YES;
				SWIFT_COMPILATION_MODE = wholemodule;
			};
			name = Release;
		};
		729CD4842D2C614F00D55B7C /* Debug */ = {
			isa = XCBuildConfiguration;
			buildSettings = {
				ASSETCATALOG_COMPILER_APPICON_NAME = AppIcon;
				ASSETCATALOG_COMPILER_GLOBAL_ACCENT_COLOR_NAME = AccentColor;
				CODE_SIGN_ENTITLEMENTS = PromptShields.MacOS.Widget/PromptShields.MacOS.WidgetDebug.entitlements;
				CODE_SIGN_IDENTITY = "Apple Development";
				CODE_SIGN_STYLE = Automatic;
				CURRENT_PROJECT_VERSION = 1;
				DEVELOPMENT_ASSET_PATHS = "\"PromptShields.MacOS.Widget/Preview Content\"";
				DEVELOPMENT_TEAM = 7T82394985;
				ENABLE_HARDENED_RUNTIME = YES;
				ENABLE_PREVIEWS = YES;
				GENERATE_INFOPLIST_FILE = YES;
				INFOPLIST_FILE = PromptShields.MacOS.Widget/Resources/Info.plist;
				"INFOPLIST_KEY_UIApplicationSceneManifest_Generation[sdk=iphoneos*]" = YES;
				"INFOPLIST_KEY_UIApplicationSceneManifest_Generation[sdk=iphonesimulator*]" = YES;
				"INFOPLIST_KEY_UIApplicationSupportsIndirectInputEvents[sdk=iphoneos*]" = YES;
				"INFOPLIST_KEY_UIApplicationSupportsIndirectInputEvents[sdk=iphonesimulator*]" = YES;
				"INFOPLIST_KEY_UILaunchScreen_Generation[sdk=iphoneos*]" = YES;
				"INFOPLIST_KEY_UILaunchScreen_Generation[sdk=iphonesimulator*]" = YES;
				"INFOPLIST_KEY_UIStatusBarStyle[sdk=iphoneos*]" = UIStatusBarStyleDefault;
				"INFOPLIST_KEY_UIStatusBarStyle[sdk=iphonesimulator*]" = UIStatusBarStyleDefault;
				INFOPLIST_KEY_UISupportedInterfaceOrientations_iPad = "UIInterfaceOrientationPortrait UIInterfaceOrientationPortraitUpsideDown UIInterfaceOrientationLandscapeLeft UIInterfaceOrientationLandscapeRight";
				INFOPLIST_KEY_UISupportedInterfaceOrientations_iPhone = "UIInterfaceOrientationPortrait UIInterfaceOrientationLandscapeLeft UIInterfaceOrientationLandscapeRight";
				IPHONEOS_DEPLOYMENT_TARGET = 18.2;
				LD_RUNPATH_SEARCH_PATHS = "@executable_path/Frameworks";
				"LD_RUNPATH_SEARCH_PATHS[sdk=macosx*]" = "@executable_path/../Frameworks";
				MACOSX_DEPLOYMENT_TARGET = 15.2;
				MARKETING_VERSION = 1.0;
				OTHER_SWIFT_FLAGS = "";
				PRODUCT_BUNDLE_IDENTIFIER = "ai.bit-pulse.PromptShields-MacOS-Widget";
				PRODUCT_NAME = "$(TARGET_NAME)";
				PROVISIONING_PROFILE_SPECIFIER = "";
				SDKROOT = auto;
				SUPPORTED_PLATFORMS = "iphoneos iphonesimulator macosx xros xrsimulator";
				SWIFT_EMIT_LOC_STRINGS = YES;
				SWIFT_STRICT_CONCURRENCY = complete;
				SWIFT_UPCOMING_FEATURE_INFER_SENDABLE_FROM_CAPTURES = YES;
				SWIFT_VERSION = 5.0;
				TARGETED_DEVICE_FAMILY = "1,2,7";
				XROS_DEPLOYMENT_TARGET = 2.2;
			};
			name = Debug;
		};
		729CD4852D2C614F00D55B7C /* Release */ = {
			isa = XCBuildConfiguration;
			buildSettings = {
				ASSETCATALOG_COMPILER_APPICON_NAME = AppIcon;
				ASSETCATALOG_COMPILER_GLOBAL_ACCENT_COLOR_NAME = AccentColor;
				CODE_SIGN_ENTITLEMENTS = PromptShields.MacOS.Widget/PromptShields_MacOS_Widget.entitlements;
				CODE_SIGN_IDENTITY = "Apple Development";
				CODE_SIGN_STYLE = Automatic;
				CURRENT_PROJECT_VERSION = 1;
				DEVELOPMENT_ASSET_PATHS = "\"PromptShields.MacOS.Widget/Preview Content\"";
				DEVELOPMENT_TEAM = 7T82394985;
				ENABLE_HARDENED_RUNTIME = YES;
				ENABLE_PREVIEWS = YES;
				GENERATE_INFOPLIST_FILE = YES;
				INFOPLIST_FILE = PromptShields.MacOS.Widget/Resources/Info.plist;
				"INFOPLIST_KEY_UIApplicationSceneManifest_Generation[sdk=iphoneos*]" = YES;
				"INFOPLIST_KEY_UIApplicationSceneManifest_Generation[sdk=iphonesimulator*]" = YES;
				"INFOPLIST_KEY_UIApplicationSupportsIndirectInputEvents[sdk=iphoneos*]" = YES;
				"INFOPLIST_KEY_UIApplicationSupportsIndirectInputEvents[sdk=iphonesimulator*]" = YES;
				"INFOPLIST_KEY_UILaunchScreen_Generation[sdk=iphoneos*]" = YES;
				"INFOPLIST_KEY_UILaunchScreen_Generation[sdk=iphonesimulator*]" = YES;
				"INFOPLIST_KEY_UIStatusBarStyle[sdk=iphoneos*]" = UIStatusBarStyleDefault;
				"INFOPLIST_KEY_UIStatusBarStyle[sdk=iphonesimulator*]" = UIStatusBarStyleDefault;
				INFOPLIST_KEY_UISupportedInterfaceOrientations_iPad = "UIInterfaceOrientationPortrait UIInterfaceOrientationPortraitUpsideDown UIInterfaceOrientationLandscapeLeft UIInterfaceOrientationLandscapeRight";
				INFOPLIST_KEY_UISupportedInterfaceOrientations_iPhone = "UIInterfaceOrientationPortrait UIInterfaceOrientationLandscapeLeft UIInterfaceOrientationLandscapeRight";
				IPHONEOS_DEPLOYMENT_TARGET = 18.2;
				LD_RUNPATH_SEARCH_PATHS = "@executable_path/Frameworks";
				"LD_RUNPATH_SEARCH_PATHS[sdk=macosx*]" = "@executable_path/../Frameworks";
				MACOSX_DEPLOYMENT_TARGET = 15.2;
				MARKETING_VERSION = 1.0;
				OTHER_SWIFT_FLAGS = "";
				PRODUCT_BUNDLE_IDENTIFIER = "ai.bit-pulse.PromptShields-MacOS-Widget";
				PRODUCT_NAME = "$(TARGET_NAME)";
				PROVISIONING_PROFILE_SPECIFIER = "";
				SDKROOT = auto;
				SUPPORTED_PLATFORMS = "iphoneos iphonesimulator macosx xros xrsimulator";
				SWIFT_EMIT_LOC_STRINGS = YES;
				SWIFT_STRICT_CONCURRENCY = complete;
				SWIFT_UPCOMING_FEATURE_INFER_SENDABLE_FROM_CAPTURES = YES;
				SWIFT_VERSION = 5.0;
				TARGETED_DEVICE_FAMILY = "1,2,7";
				XROS_DEPLOYMENT_TARGET = 2.2;
			};
			name = Release;
		};
		729CD4872D2C614F00D55B7C /* Debug */ = {
			isa = XCBuildConfiguration;
			buildSettings = {
				BUNDLE_LOADER = "$(TEST_HOST)";
				CODE_SIGN_STYLE = Automatic;
				CURRENT_PROJECT_VERSION = 1;
				DEVELOPMENT_TEAM = V66RSS9KGP;
				GENERATE_INFOPLIST_FILE = YES;
				IPHONEOS_DEPLOYMENT_TARGET = 18.2;
				MACOSX_DEPLOYMENT_TARGET = 15.2;
				MARKETING_VERSION = 1.0;
				PRODUCT_BUNDLE_IDENTIFIER = "ai.bit-pulse.PromptShields-MacOS-WidgetTests";
				PRODUCT_NAME = "$(TARGET_NAME)";
				SDKROOT = auto;
				SUPPORTED_PLATFORMS = "iphoneos iphonesimulator macosx xros xrsimulator";
				SWIFT_EMIT_LOC_STRINGS = NO;
				SWIFT_VERSION = 5.0;
				TARGETED_DEVICE_FAMILY = "1,2,7";
				TEST_HOST = "$(BUILT_PRODUCTS_DIR)/PromptShields.MacOS.Widget.app/$(BUNDLE_EXECUTABLE_FOLDER_PATH)/PromptShields.MacOS.Widget";
				XROS_DEPLOYMENT_TARGET = 2.2;
			};
			name = Debug;
		};
		729CD4882D2C614F00D55B7C /* Release */ = {
			isa = XCBuildConfiguration;
			buildSettings = {
				BUNDLE_LOADER = "$(TEST_HOST)";
				CODE_SIGN_STYLE = Automatic;
				CURRENT_PROJECT_VERSION = 1;
				DEVELOPMENT_TEAM = V66RSS9KGP;
				GENERATE_INFOPLIST_FILE = YES;
				IPHONEOS_DEPLOYMENT_TARGET = 18.2;
				MACOSX_DEPLOYMENT_TARGET = 15.2;
				MARKETING_VERSION = 1.0;
				PRODUCT_BUNDLE_IDENTIFIER = "ai.bit-pulse.PromptShields-MacOS-WidgetTests";
				PRODUCT_NAME = "$(TARGET_NAME)";
				SDKROOT = auto;
				SUPPORTED_PLATFORMS = "iphoneos iphonesimulator macosx xros xrsimulator";
				SWIFT_EMIT_LOC_STRINGS = NO;
				SWIFT_VERSION = 5.0;
				TARGETED_DEVICE_FAMILY = "1,2,7";
				TEST_HOST = "$(BUILT_PRODUCTS_DIR)/PromptShields.MacOS.Widget.app/$(BUNDLE_EXECUTABLE_FOLDER_PATH)/PromptShields.MacOS.Widget";
				XROS_DEPLOYMENT_TARGET = 2.2;
			};
			name = Release;
		};
		729CD48A2D2C614F00D55B7C /* Debug */ = {
			isa = XCBuildConfiguration;
			buildSettings = {
				CODE_SIGN_STYLE = Automatic;
				CURRENT_PROJECT_VERSION = 1;
				DEVELOPMENT_TEAM = V66RSS9KGP;
				GENERATE_INFOPLIST_FILE = YES;
				IPHONEOS_DEPLOYMENT_TARGET = 18.2;
				MACOSX_DEPLOYMENT_TARGET = 15.2;
				MARKETING_VERSION = 1.0;
				PRODUCT_BUNDLE_IDENTIFIER = "ai.bit-pulse.PromptShields-MacOS-WidgetUITests";
				PRODUCT_NAME = "$(TARGET_NAME)";
				SDKROOT = auto;
				SUPPORTED_PLATFORMS = "iphoneos iphonesimulator macosx xros xrsimulator";
				SWIFT_EMIT_LOC_STRINGS = NO;
				SWIFT_VERSION = 5.0;
				TARGETED_DEVICE_FAMILY = "1,2,7";
				TEST_TARGET_NAME = PromptShields.MacOS.Widget;
				XROS_DEPLOYMENT_TARGET = 2.2;
			};
			name = Debug;
		};
		729CD48B2D2C614F00D55B7C /* Release */ = {
			isa = XCBuildConfiguration;
			buildSettings = {
				CODE_SIGN_STYLE = Automatic;
				CURRENT_PROJECT_VERSION = 1;
				DEVELOPMENT_TEAM = V66RSS9KGP;
				GENERATE_INFOPLIST_FILE = YES;
				IPHONEOS_DEPLOYMENT_TARGET = 18.2;
				MACOSX_DEPLOYMENT_TARGET = 15.2;
				MARKETING_VERSION = 1.0;
				PRODUCT_BUNDLE_IDENTIFIER = "ai.bit-pulse.PromptShields-MacOS-WidgetUITests";
				PRODUCT_NAME = "$(TARGET_NAME)";
				SDKROOT = auto;
				SUPPORTED_PLATFORMS = "iphoneos iphonesimulator macosx xros xrsimulator";
				SWIFT_EMIT_LOC_STRINGS = NO;
				SWIFT_VERSION = 5.0;
				TARGETED_DEVICE_FAMILY = "1,2,7";
				TEST_TARGET_NAME = PromptShields.MacOS.Widget;
				XROS_DEPLOYMENT_TARGET = 2.2;
			};
			name = Release;
		};
/* End XCBuildConfiguration section */

/* Begin XCConfigurationList section */
		729CD4592D2C614D00D55B7C /* Build configuration list for PBXProject "PromptShields.MacOS.Widget" */ = {
			isa = XCConfigurationList;
			buildConfigurations = (
				729CD4812D2C614F00D55B7C /* Debug */,
				729CD4822D2C614F00D55B7C /* Release */,
			);
			defaultConfigurationIsVisible = 0;
			defaultConfigurationName = Release;
		};
		729CD4832D2C614F00D55B7C /* Build configuration list for PBXNativeTarget "PromptShields.MacOS.Widget" */ = {
			isa = XCConfigurationList;
			buildConfigurations = (
				729CD4842D2C614F00D55B7C /* Debug */,
				729CD4852D2C614F00D55B7C /* Release */,
			);
			defaultConfigurationIsVisible = 0;
			defaultConfigurationName = Release;
		};
		729CD4862D2C614F00D55B7C /* Build configuration list for PBXNativeTarget "PromptShields.MacOS.WidgetTests" */ = {
			isa = XCConfigurationList;
			buildConfigurations = (
				729CD4872D2C614F00D55B7C /* Debug */,
				729CD4882D2C614F00D55B7C /* Release */,
			);
			defaultConfigurationIsVisible = 0;
			defaultConfigurationName = Release;
		};
		729CD4892D2C614F00D55B7C /* Build configuration list for PBXNativeTarget "PromptShields.MacOS.WidgetUITests" */ = {
			isa = XCConfigurationList;
			buildConfigurations = (
				729CD48A2D2C614F00D55B7C /* Debug */,
				729CD48B2D2C614F00D55B7C /* Release */,
			);
			defaultConfigurationIsVisible = 0;
			defaultConfigurationName = Release;
		};
/* End XCConfigurationList section */

/* Begin XCRemoteSwiftPackageReference section */
		720379EA2D9FF53400BA8C1D /* XCRemoteSwiftPackageReference "Auth0" */ = {
			isa = XCRemoteSwiftPackageReference;
			repositoryURL = "https://github.com/auth0/Auth0.swift";
			requirement = {
				kind = upToNextMajorVersion;
				minimumVersion = 2.10.0;
			};
		};
		723DCC402DD5C7FD0065B4D9 /* XCRemoteSwiftPackageReference "stripe-ios" */ = {
			isa = XCRemoteSwiftPackageReference;
			repositoryURL = "https://github.com/stripe/stripe-ios.git";
			requirement = {
				kind = upToNextMajorVersion;
				minimumVersion = 24.13.1;
			};
		};
		729FA9792E015E5F00AA44B4 /* XCRemoteSwiftPackageReference "purchases-ios" */ = {
			isa = XCRemoteSwiftPackageReference;
			repositoryURL = "https://github.com/RevenueCat/purchases-ios";
			requirement = {
				kind = upToNextMajorVersion;
				minimumVersion = 5.28.1;
			};
		};
		72A62E502E00DC2E0051D097 /* XCRemoteSwiftPackageReference "firebase-ios-sdk" */ = {
			isa = XCRemoteSwiftPackageReference;
			repositoryURL = "https://github.com/firebase/firebase-ios-sdk";
			requirement = {
				kind = upToNextMajorVersion;
				minimumVersion = 11.14.0;
			};
		};
/* End XCRemoteSwiftPackageReference section */

/* Begin XCSwiftPackageProductDependency section */
		720379ED2DA002B500BA8C1D /* Auth0 */ = {
			isa = XCSwiftPackageProductDependency;
			package = 720379EA2D9FF53400BA8C1D /* XCRemoteSwiftPackageReference "Auth0" */;
			productName = Auth0;
		};
		729FA97A2E015E5F00AA44B4 /* RevenueCat */ = {
			isa = XCSwiftPackageProductDependency;
			package = 729FA9792E015E5F00AA44B4 /* XCRemoteSwiftPackageReference "purchases-ios" */;
			productName = RevenueCat;
		};
/* End XCSwiftPackageProductDependency section */
	};
	rootObject = 729CD4562D2C614D00D55B7C /* Project object */;
}
